
Microsoft Visual Studio Solution File, Format Version 12.00
# TcXaeShell Solution File, Format Version 11.00
VisualStudioVersion = 15.0.33403.129
MinimumVisualStudioVersion = 10.0.40219.1
Project("{B1E792BE-AA5F-4E3C-8C82-674BF9C0715B}") = "EP7402_Comissioning", "EP7402_Comissioning\EP7402_Comissioning.tsproj", "{6D9FB40F-FFBD-4006-B694-4F4CBA928927}"
EndProject
Project("{FD9F1D59-E000-42F3-8744-88DE1BE93C06}") = "SCOPE", "SCOPE\SCOPE.tcmproj", "{670EACF3-D65C-40BC-BB3D-22FF97C9BE47}"
EndProject
Project("{FE7A1B72-C5B7-4D7C-BB7D-76384D4DE8E1}") = "HMI", "HMI\HMI.hmiproj", "{6AD23CDE-1A8D-4D98-8645-784033F669F7}"
EndProject
Global
	GlobalSection(SolutionConfigurationPlatforms) = preSolution
		Debug|TwinCAT CE7 (ARMV7) = Debug|TwinCAT CE7 (ARMV7)
		Debug|TwinCAT HMI = Debug|TwinCAT HMI
		Debug|TwinCAT OS (ARMT2) = Debug|TwinCAT OS (ARMT2)
		Debug|TwinCAT RT (x64) = Debug|TwinCAT RT (x64)
		Debug|TwinCAT RT (x86) = Debug|TwinCAT RT (x86)
		Release|TwinCAT CE7 (ARMV7) = Release|TwinCAT CE7 (ARMV7)
		Release|TwinCAT HMI = Release|TwinCAT HMI
		Release|TwinCAT OS (ARMT2) = Release|TwinCAT OS (ARMT2)
		Release|TwinCAT RT (x64) = Release|TwinCAT RT (x64)
		Release|TwinCAT RT (x86) = Release|TwinCAT RT (x86)
	EndGlobalSection
	GlobalSection(ProjectConfigurationPlatforms) = postSolution
		{6D9FB40F-FFBD-4006-B694-4F4CBA928927}.Debug|TwinCAT CE7 (ARMV7).ActiveCfg = Debug|TwinCAT CE7 (ARMV7)
		{6D9FB40F-FFBD-4006-B694-4F4CBA928927}.Debug|TwinCAT CE7 (ARMV7).Build.0 = Debug|TwinCAT CE7 (ARMV7)
		{6D9FB40F-FFBD-4006-B694-4F4CBA928927}.Debug|TwinCAT HMI.ActiveCfg = Debug|TwinCAT RT (x86)
		{6D9FB40F-FFBD-4006-B694-4F4CBA928927}.Debug|TwinCAT OS (ARMT2).ActiveCfg = Debug|TwinCAT OS (ARMT2)
		{6D9FB40F-FFBD-4006-B694-4F4CBA928927}.Debug|TwinCAT OS (ARMT2).Build.0 = Debug|TwinCAT OS (ARMT2)
		{6D9FB40F-FFBD-4006-B694-4F4CBA928927}.Debug|TwinCAT RT (x64).ActiveCfg = Debug|TwinCAT RT (x64)
		{6D9FB40F-FFBD-4006-B694-4F4CBA928927}.Debug|TwinCAT RT (x64).Build.0 = Debug|TwinCAT RT (x64)
		{6D9FB40F-FFBD-4006-B694-4F4CBA928927}.Debug|TwinCAT RT (x86).ActiveCfg = Debug|TwinCAT RT (x86)
		{6D9FB40F-FFBD-4006-B694-4F4CBA928927}.Debug|TwinCAT RT (x86).Build.0 = Debug|TwinCAT RT (x86)
		{6D9FB40F-FFBD-4006-B694-4F4CBA928927}.Release|TwinCAT CE7 (ARMV7).ActiveCfg = Release|TwinCAT CE7 (ARMV7)
		{6D9FB40F-FFBD-4006-B694-4F4CBA928927}.Release|TwinCAT CE7 (ARMV7).Build.0 = Release|TwinCAT CE7 (ARMV7)
		{6D9FB40F-FFBD-4006-B694-4F4CBA928927}.Release|TwinCAT HMI.ActiveCfg = Release|TwinCAT RT (x86)
		{6D9FB40F-FFBD-4006-B694-4F4CBA928927}.Release|TwinCAT OS (ARMT2).ActiveCfg = Release|TwinCAT OS (ARMT2)
		{6D9FB40F-FFBD-4006-B694-4F4CBA928927}.Release|TwinCAT OS (ARMT2).Build.0 = Release|TwinCAT OS (ARMT2)
		{6D9FB40F-FFBD-4006-B694-4F4CBA928927}.Release|TwinCAT RT (x64).ActiveCfg = Release|TwinCAT RT (x64)
		{6D9FB40F-FFBD-4006-B694-4F4CBA928927}.Release|TwinCAT RT (x64).Build.0 = Release|TwinCAT RT (x64)
		{6D9FB40F-FFBD-4006-B694-4F4CBA928927}.Release|TwinCAT RT (x86).ActiveCfg = Release|TwinCAT RT (x86)
		{6D9FB40F-FFBD-4006-B694-4F4CBA928927}.Release|TwinCAT RT (x86).Build.0 = Release|TwinCAT RT (x86)
		{670EACF3-D65C-40BC-BB3D-22FF97C9BE47}.Debug|TwinCAT CE7 (ARMV7).ActiveCfg = Debug|TwinCAT CE7 (ARMV7)
		{670EACF3-D65C-40BC-BB3D-22FF97C9BE47}.Debug|TwinCAT HMI.ActiveCfg = Debug|TwinCAT RT (x86)
		{670EACF3-D65C-40BC-BB3D-22FF97C9BE47}.Debug|TwinCAT OS (ARMT2).ActiveCfg = Debug|TwinCAT OS (ARMT2)
		{670EACF3-D65C-40BC-BB3D-22FF97C9BE47}.Debug|TwinCAT RT (x64).ActiveCfg = Debug|TwinCAT RT (x64)
		{670EACF3-D65C-40BC-BB3D-22FF97C9BE47}.Debug|TwinCAT RT (x86).ActiveCfg = Debug|TwinCAT RT (x86)
		{670EACF3-D65C-40BC-BB3D-22FF97C9BE47}.Release|TwinCAT CE7 (ARMV7).ActiveCfg = Release|TwinCAT CE7 (ARMV7)
		{670EACF3-D65C-40BC-BB3D-22FF97C9BE47}.Release|TwinCAT HMI.ActiveCfg = Release|TwinCAT RT (x86)
		{670EACF3-D65C-40BC-BB3D-22FF97C9BE47}.Release|TwinCAT OS (ARMT2).ActiveCfg = Release|TwinCAT OS (ARMT2)
		{670EACF3-D65C-40BC-BB3D-22FF97C9BE47}.Release|TwinCAT RT (x64).ActiveCfg = Release|TwinCAT RT (x64)
		{670EACF3-D65C-40BC-BB3D-22FF97C9BE47}.Release|TwinCAT RT (x86).ActiveCfg = Release|TwinCAT RT (x86)
		{6AD23CDE-1A8D-4D98-8645-784033F669F7}.Debug|TwinCAT CE7 (ARMV7).ActiveCfg = Debug|TwinCAT HMI
		{6AD23CDE-1A8D-4D98-8645-784033F669F7}.Debug|TwinCAT HMI.ActiveCfg = Debug|TwinCAT HMI
		{6AD23CDE-1A8D-4D98-8645-784033F669F7}.Debug|TwinCAT HMI.Build.0 = Debug|TwinCAT HMI
		{6AD23CDE-1A8D-4D98-8645-784033F669F7}.Debug|TwinCAT OS (ARMT2).ActiveCfg = Debug|TwinCAT HMI
		{6AD23CDE-1A8D-4D98-8645-784033F669F7}.Debug|TwinCAT RT (x64).ActiveCfg = Debug|TwinCAT HMI
		{6AD23CDE-1A8D-4D98-8645-784033F669F7}.Debug|TwinCAT RT (x86).ActiveCfg = Debug|TwinCAT HMI
		{6AD23CDE-1A8D-4D98-8645-784033F669F7}.Release|TwinCAT CE7 (ARMV7).ActiveCfg = Release|TwinCAT HMI
		{6AD23CDE-1A8D-4D98-8645-784033F669F7}.Release|TwinCAT HMI.ActiveCfg = Release|TwinCAT HMI
		{6AD23CDE-1A8D-4D98-8645-784033F669F7}.Release|TwinCAT HMI.Build.0 = Release|TwinCAT HMI
		{6AD23CDE-1A8D-4D98-8645-784033F669F7}.Release|TwinCAT OS (ARMT2).ActiveCfg = Release|TwinCAT HMI
		{6AD23CDE-1A8D-4D98-8645-784033F669F7}.Release|TwinCAT RT (x64).ActiveCfg = Release|TwinCAT HMI
		{6AD23CDE-1A8D-4D98-8645-784033F669F7}.Release|TwinCAT RT (x86).ActiveCfg = Release|TwinCAT HMI
		{CB2C5526-241B-444F-8640-B0289FA40761}.Debug|TwinCAT CE7 (ARMV7).ActiveCfg = Debug|TwinCAT CE7 (ARMV7)
		{CB2C5526-241B-444F-8640-B0289FA40761}.Debug|TwinCAT CE7 (ARMV7).Build.0 = Debug|TwinCAT CE7 (ARMV7)
		{CB2C5526-241B-444F-8640-B0289FA40761}.Debug|TwinCAT HMI.ActiveCfg = Debug|TwinCAT RT (x86)
		{CB2C5526-241B-444F-8640-B0289FA40761}.Debug|TwinCAT OS (ARMT2).ActiveCfg = Debug|TwinCAT OS (ARMT2)
		{CB2C5526-241B-444F-8640-B0289FA40761}.Debug|TwinCAT OS (ARMT2).Build.0 = Debug|TwinCAT OS (ARMT2)
		{CB2C5526-241B-444F-8640-B0289FA40761}.Debug|TwinCAT RT (x64).ActiveCfg = Debug|TwinCAT RT (x64)
		{CB2C5526-241B-444F-8640-B0289FA40761}.Debug|TwinCAT RT (x64).Build.0 = Debug|TwinCAT RT (x64)
		{CB2C5526-241B-444F-8640-B0289FA40761}.Debug|TwinCAT RT (x86).ActiveCfg = Debug|TwinCAT RT (x86)
		{CB2C5526-241B-444F-8640-B0289FA40761}.Debug|TwinCAT RT (x86).Build.0 = Debug|TwinCAT RT (x86)
		{CB2C5526-241B-444F-8640-B0289FA40761}.Release|TwinCAT CE7 (ARMV7).ActiveCfg = Release|TwinCAT CE7 (ARMV7)
		{CB2C5526-241B-444F-8640-B0289FA40761}.Release|TwinCAT CE7 (ARMV7).Build.0 = Release|TwinCAT CE7 (ARMV7)
		{CB2C5526-241B-444F-8640-B0289FA40761}.Release|TwinCAT HMI.ActiveCfg = Release|TwinCAT RT (x86)
		{CB2C5526-241B-444F-8640-B0289FA40761}.Release|TwinCAT OS (ARMT2).ActiveCfg = Release|TwinCAT OS (ARMT2)
		{CB2C5526-241B-444F-8640-B0289FA40761}.Release|TwinCAT OS (ARMT2).Build.0 = Release|TwinCAT OS (ARMT2)
		{CB2C5526-241B-444F-8640-B0289FA40761}.Release|TwinCAT RT (x64).ActiveCfg = Release|TwinCAT RT (x64)
		{CB2C5526-241B-444F-8640-B0289FA40761}.Release|TwinCAT RT (x64).Build.0 = Release|TwinCAT RT (x64)
		{CB2C5526-241B-444F-8640-B0289FA40761}.Release|TwinCAT RT (x86).ActiveCfg = Release|TwinCAT RT (x86)
		{CB2C5526-241B-444F-8640-B0289FA40761}.Release|TwinCAT RT (x86).Build.0 = Release|TwinCAT RT (x86)
	EndGlobalSection
	GlobalSection(SolutionProperties) = preSolution
		HideSolutionNode = FALSE
	EndGlobalSection
	GlobalSection(ExtensibilityGlobals) = postSolution
		SolutionGuid = {EDCD990D-7E2B-4430-AD90-6C995D6B7177}
	EndGlobalSection
EndGlobal
